
Microsoft Visual Studio Solution File, Format Version 12.00
# Visual Studio Version 17
VisualStudioVersion = 17.3.32929.385
MinimumVisualStudioVersion = 10.0.40219.1
Project("{FAE04EC0-301F-11D3-BF4B-00C04F79EFBC}") = "BookApi", "BookApi\BookApi.csproj", "{9FE7DB14-CF1A-42B1-910C-A8DC43EBC10E}"
EndProject
Global
	GlobalSection(SolutionConfigurationPlatforms) = preSolution
		Debug|Any CPU = Debug|Any CPU
		Release|Any CPU = Release|Any CPU
	EndGlobalSection
	GlobalSection(ProjectConfigurationPlatforms) = postSolution
		{9FE7DB14-CF1A-42B1-910C-A8DC43EBC10E}.Debug|Any CPU.ActiveCfg = Debug|Any CPU
		{9FE7DB14-CF1A-42B1-910C-A8DC43EBC10E}.Debug|Any CPU.Build.0 = Debug|Any CPU
		{9FE7DB14-CF1A-42B1-910C-A8DC43EBC10E}.Release|Any CPU.ActiveCfg = Release|Any CPU
		{9FE7DB14-CF1A-42B1-910C-A8DC43EBC10E}.Release|Any CPU.Build.0 = Release|Any CPU
	EndGlobalSection
	GlobalSection(SolutionProperties) = preSolution
		HideSolutionNode = FALSE
	EndGlobalSection
	GlobalSection(ExtensibilityGlobals) = postSolution
		SolutionGuid = {E87A1018-D388-464F-85CE-67647A2BD5DD}
	EndGlobalSection
EndGlobal
